// !$*UTF8*$!
{
	archiveVersion = 1;
	classes = {
	};
	objectVersion = 46;
	objects = {

/* Begin PBXBuildFile section */
		608A96B41BBE8CC900FE0E75 /* AppDelegate.swift in Sources */ = {isa = PBXBuildFile; fileRef = 608A96B31BBE8CC900FE0E75 /* AppDelegate.swift */; };
		608A96B61BBE8CC900FE0E75 /* ViewController.swift in Sources */ = {isa = PBXBuildFile; fileRef = 608A96B51BBE8CC900FE0E75 /* ViewController.swift */; };
		608A96B91BBE8CC900FE0E75 /* Main.storyboard in Resources */ = {isa = PBXBuildFile; fileRef = 608A96B71BBE8CC900FE0E75 /* Main.storyboard */; };
		608A96BB1BBE8CC900FE0E75 /* Assets.xcassets in Resources */ = {isa = PBXBuildFile; fileRef = 608A96BA1BBE8CC900FE0E75 /* Assets.xcassets */; };
		608A96BE1BBE8CC900FE0E75 /* LaunchScreen.storyboard in Resources */ = {isa = PBXBuildFile; fileRef = 608A96BC1BBE8CC900FE0E75 /* LaunchScreen.storyboard */; };
		608A96C91BBE8CC900FE0E75 /* DemoProjectTests.swift in Sources */ = {isa = PBXBuildFile; fileRef = 608A96C81BBE8CC900FE0E75 /* DemoProjectTests.swift */; };
		608A96D41BBE8CC900FE0E75 /* DemoProjectUITests.swift in Sources */ = {isa = PBXBuildFile; fileRef = 608A96D31BBE8CC900FE0E75 /* DemoProjectUITests.swift */; };
/* End PBXBuildFile section */

/* Begin PBXContainerItemProxy section */
		608A96C51BBE8CC900FE0E75 /* PBXContainerItemProxy */ = {
			isa = PBXContainerItemProxy;
			containerPortal = 608A96A81BBE8CC900FE0E75 /* Project object */;
			proxyType = 1;
			remoteGlobalIDString = 608A96AF1BBE8CC900FE0E75;
			remoteInfo = DemoProject;
		};
		608A96D01BBE8CC900FE0E75 /* PBXContainerItemProxy */ = {
			isa = PBXContainerItemProxy;
			containerPortal = 608A96A81BBE8CC900FE0E75 /* Project object */;
			proxyType = 1;
			remoteGlobalIDString = 608A96AF1BBE8CC900FE0E75;
			remoteInfo = DemoProject;
		};
/* End PBXContainerItemProxy section */

/* Begin PBXFileReference section */
		608A96B01BBE8CC900FE0E75 /* DemoProject.app */ = {isa = PBXFileReference; explicitFileType = wrapper.application; includeInIndex = 0; path = DemoProject.app; sourceTree = BUILT_PRODUCTS_DIR; };
		608A96B31BBE8CC900FE0E75 /* AppDelegate.swift */ = {isa = PBXFileReference; lastKnownFileType = sourcecode.swift; path = AppDelegate.swift; sourceTree = "<group>"; };
		608A96B51BBE8CC900FE0E75 /* ViewController.swift */ = {isa = PBXFileReference; lastKnownFileType = sourcecode.swift; path = ViewController.swift; sourceTree = "<group>"; };
		608A96B81BBE8CC900FE0E75 /* Base */ = {isa = PBXFileReference; lastKnownFileType = file.storyboard; name = Base; path = Base.lproj/Main.storyboard; sourceTree = "<group>"; };
		608A96BA1BBE8CC900FE0E75 /* Assets.xcassets */ = {isa = PBXFileReference; lastKnownFileType = folder.assetcatalog; path = Assets.xcassets; sourceTree = "<group>"; };
		608A96BD1BBE8CC900FE0E75 /* Base */ = {isa = PBXFileReference; lastKnownFileType = file.storyboard; name = Base; path = Base.lproj/LaunchScreen.storyboard; sourceTree = "<group>"; };
		608A96BF1BBE8CC900FE0E75 /* Info.plist */ = {isa = PBXFileReference; lastKnownFileType = text.plist.xml; path = Info.plist; sourceTree = "<group>"; };
		608A96C41BBE8CC900FE0E75 /* DemoProjectTests.xctest */ = {isa = PBXFileReference; explicitFileType = wrapper.cfbundle; includeInIndex = 0; path = DemoProjectTests.xctest; sourceTree = BUILT_PRODUCTS_DIR; };
		608A96C81BBE8CC900FE0E75 /* DemoProjectTests.swift */ = {isa = PBXFileReference; lastKnownFileType = sourcecode.swift; path = DemoProjectTests.swift; sourceTree = "<group>"; };
		608A96CA1BBE8CC900FE0E75 /* Info.plist */ = {isa = PBXFileReference; lastKnownFileType = text.plist.xml; path = Info.plist; sourceTree = "<group>"; };
		608A96CF1BBE8CC900FE0E75 /* DemoProjectUITests.xctest */ = {isa = PBXFileReference; explicitFileType = wrapper.cfbundle; includeInIndex = 0; path = DemoProjectUITests.xctest; sourceTree = BUILT_PRODUCTS_DIR; };
		608A96D31BBE8CC900FE0E75 /* DemoProjectUITests.swift */ = {isa = PBXFileReference; lastKnownFileType = sourcecode.swift; path = DemoProjectUITests.swift; sourceTree = "<group>"; };
		608A96D51BBE8CC900FE0E75 /* Info.plist */ = {isa = PBXFileReference; lastKnownFileType = text.plist.xml; path = Info.plist; sourceTree = "<group>"; };
/* End PBXFileReference section */

/* Begin PBXFrameworksBuildPhase section */
		608A96AD1BBE8CC900FE0E75 /* Frameworks */ = {
			isa = PBXFrameworksBuildPhase;
			buildActionMask = 2147483647;
			files = (
			);
			runOnlyForDeploymentPostprocessing = 0;
		};
		608A96C11BBE8CC900FE0E75 /* Frameworks */ = {
			isa = PBXFrameworksBuildPhase;
			buildActionMask = 2147483647;
			files = (
			);
			runOnlyForDeploymentPostprocessing = 0;
		};
		608A96CC1BBE8CC900FE0E75 /* Frameworks */ = {
			isa = PBXFrameworksBuildPhase;
			buildActionMask = 2147483647;
			files = (
			);
			runOnlyForDeploymentPostprocessing = 0;
		};
/* End PBXFrameworksBuildPhase section */

/* Begin PBXGroup section */
		608A96A71BBE8CC900FE0E75 = {
			isa = PBXGroup;
			children = (
				608A96B21BBE8CC900FE0E75 /* DemoProject */,
				608A96C71BBE8CC900FE0E75 /* DemoProjectTests */,
				608A96D21BBE8CC900FE0E75 /* DemoProjectUITests */,
				608A96B11BBE8CC900FE0E75 /* Products */,
			);
			sourceTree = "<group>";
		};
		608A96B11BBE8CC900FE0E75 /* Products */ = {
			isa = PBXGroup;
			children = (
				608A96B01BBE8CC900FE0E75 /* DemoProject.app */,
				608A96C41BBE8CC900FE0E75 /* DemoProjectTests.xctest */,
				608A96CF1BBE8CC900FE0E75 /* DemoProjectUITests.xctest */,
			);
			name = Products;
			sourceTree = "<group>";
		};
		608A96B21BBE8CC900FE0E75 /* DemoProject */ = {
			isa = PBXGroup;
			children = (
				608A96B31BBE8CC900FE0E75 /* AppDelegate.swift */,
				608A96B51BBE8CC900FE0E75 /* ViewController.swift */,
				608A96B71BBE8CC900FE0E75 /* Main.storyboard */,
				608A96BA1BBE8CC900FE0E75 /* Assets.xcassets */,
				608A96BC1BBE8CC900FE0E75 /* LaunchScreen.storyboard */,
				608A96BF1BBE8CC900FE0E75 /* Info.plist */,
			);
			path = DemoProject;
			sourceTree = "<group>";
		};
		608A96C71BBE8CC900FE0E75 /* DemoProjectTests */ = {
			isa = PBXGroup;
			children = (
				608A96C81BBE8CC900FE0E75 /* DemoProjectTests.swift */,
				608A96CA1BBE8CC900FE0E75 /* Info.plist */,
			);
			path = DemoProjectTests;
			sourceTree = "<group>";
		};
		608A96D21BBE8CC900FE0E75 /* DemoProjectUITests */ = {
			isa = PBXGroup;
			children = (
				608A96D31BBE8CC900FE0E75 /* DemoProjectUITests.swift */,
				608A96D51BBE8CC900FE0E75 /* Info.plist */,
			);
			path = DemoProjectUITests;
			sourceTree = "<group>";
		};
/* End PBXGroup section */

/* Begin PBXNativeTarget section */
		608A96AF1BBE8CC900FE0E75 /* DemoProject */ = {
			isa = PBXNativeTarget;
			buildConfigurationList = 608A96D81BBE8CC900FE0E75 /* Build configuration list for PBXNativeTarget "DemoProject" */;
			buildPhases = (
				608A96AC1BBE8CC900FE0E75 /* Sources */,
				608A96AD1BBE8CC900FE0E75 /* Frameworks */,
				608A96AE1BBE8CC900FE0E75 /* Resources */,
			);
			buildRules = (
			);
			dependencies = (
			);
			name = DemoProject;
			productName = DemoProject;
			productReference = 608A96B01BBE8CC900FE0E75 /* DemoProject.app */;
			productType = "com.apple.product-type.application";
		};
		608A96C31BBE8CC900FE0E75 /* DemoProjectTests */ = {
			isa = PBXNativeTarget;
			buildConfigurationList = 608A96DB1BBE8CC900FE0E75 /* Build configuration list for PBXNativeTarget "DemoProjectTests" */;
			buildPhases = (
				608A96C01BBE8CC900FE0E75 /* Sources */,
				608A96C11BBE8CC900FE0E75 /* Frameworks */,
				608A96C21BBE8CC900FE0E75 /* Resources */,
			);
			buildRules = (
			);
			dependencies = (
				608A96C61BBE8CC900FE0E75 /* PBXTargetDependency */,
			);
			name = DemoProjectTests;
			productName = DemoProjectTests;
			productReference = 608A96C41BBE8CC900FE0E75 /* DemoProjectTests.xctest */;
			productType = "com.apple.product-type.bundle.unit-test";
		};
		608A96CE1BBE8CC900FE0E75 /* DemoProjectUITests */ = {
			isa = PBXNativeTarget;
			buildConfigurationList = 608A96DE1BBE8CC900FE0E75 /* Build configuration list for PBXNativeTarget "DemoProjectUITests" */;
			buildPhases = (
				608A96CB1BBE8CC900FE0E75 /* Sources */,
				608A96CC1BBE8CC900FE0E75 /* Frameworks */,
				608A96CD1BBE8CC900FE0E75 /* Resources */,
			);
			buildRules = (
			);
			dependencies = (
				608A96D11BBE8CC900FE0E75 /* PBXTargetDependency */,
			);
			name = DemoProjectUITests;
			productName = DemoProjectUITests;
			productReference = 608A96CF1BBE8CC900FE0E75 /* DemoProjectUITests.xctest */;
			productType = "com.apple.product-type.bundle.ui-testing";
		};
/* End PBXNativeTarget section */

/* Begin PBXProject section */
		608A96A81BBE8CC900FE0E75 /* Project object */ = {
			isa = PBXProject;
			attributes = {
				LastUpgradeCheck = 0700;
				ORGANIZATIONNAME = UpendraPrasad;
				TargetAttributes = {
					608A96AF1BBE8CC900FE0E75 = {
						CreatedOnToolsVersion = 7.0;
					};
					608A96C31BBE8CC900FE0E75 = {
						CreatedOnToolsVersion = 7.0;
						TestTargetID = 608A96AF1BBE8CC900FE0E75;
					};
					608A96CE1BBE8CC900FE0E75 = {
						CreatedOnToolsVersion = 7.0;
						TestTargetID = 608A96AF1BBE8CC900FE0E75;
					};
				};
			};
			buildConfigurationList = 608A96AB1BBE8CC900FE0E75 /* Build configuration list for PBXProject "DemoProject" */;
			compatibilityVersion = "Xcode 3.2";
			developmentRegion = English;
			hasScannedForEncodings = 0;
			knownRegions = (
				en,
				Base,
			);
			mainGroup = 608A96A71BBE8CC900FE0E75;
			productRefGroup = 608A96B11BBE8CC900FE0E75 /* Products */;
			projectDirPath = "";
			projectRoot = "";
			targets = (
				608A96AF1BBE8CC900FE0E75 /* DemoProject */,
				608A96C31BBE8CC900FE0E75 /* DemoProjectTests */,
				608A96CE1BBE8CC900FE0E75 /* DemoProjectUITests */,
			);
		};
/* End PBXProject section */

/* Begin PBXResourcesBuildPhase section */
		608A96AE1BBE8CC900FE0E75 /* Resources */ = {
			isa = PBXResourcesBuildPhase;
			buildActionMask = 2147483647;
			files = (
				608A96BE1BBE8CC900FE0E75 /* LaunchScreen.storyboard in Resources */,
				608A96BB1BBE8CC900FE0E75 /* Assets.xcassets in Resources */,
				608A96B91BBE8CC900FE0E75 /* Main.storyboard in Resources */,
			);
			runOnlyForDeploymentPostprocessing = 0;
		};
		608A96C21BBE8CC900FE0E75 /* Resources */ = {
			isa = PBXResourcesBuildPhase;
			buildActionMask = 2147483647;
			files = (
			);
			runOnlyForDeploymentPostprocessing = 0;
		};
		608A96CD1BBE8CC900FE0E75 /* Resources */ = {
			isa = PBXResourcesBuildPhase;
			buildActionMask = 2147483647;
			files = (
			);
			runOnlyForDeploymentPostprocessing = 0;
		};
/* End PBXResourcesBuildPhase section */

/* Begin PBXSourcesBuildPhase section */
		608A96AC1BBE8CC900FE0E75 /* Sources */ = {
			isa = PBXSourcesBuildPhase;
			buildActionMask = 2147483647;
			files = (
				608A96B61BBE8CC900FE0E75 /* ViewController.swift in Sources */,
				608A96B41BBE8CC900FE0E75 /* AppDelegate.swift in Sources */,
			);
			runOnlyForDeploymentPostprocessing = 0;
		};
		608A96C01BBE8CC900FE0E75 /* Sources */ = {
			isa = PBXSourcesBuildPhase;
			buildActionMask = 2147483647;
			files = (
				608A96C91BBE8CC900FE0E75 /* DemoProjectTests.swift in Sources */,
			);
			runOnlyForDeploymentPostprocessing = 0;
		};
		608A96CB1BBE8CC900FE0E75 /* Sources */ = {
			isa = PBXSourcesBuildPhase;
			buildActionMask = 2147483647;
			files = (
				608A96D41BBE8CC900FE0E75 /* DemoProjectUITests.swift in Sources */,
			);
			runOnlyForDeploymentPostprocessing = 0;
		};
/* End PBXSourcesBuildPhase section */

/* Begin PBXTargetDependency section */
		608A96C61BBE8CC900FE0E75 /* PBXTargetDependency */ = {
			isa = PBXTargetDependency;
			target = 608A96AF1BBE8CC900FE0E75 /* DemoProject */;
			targetProxy = 608A96C51BBE8CC900FE0E75 /* PBXContainerItemProxy */;
		};
		608A96D11BBE8CC900FE0E75 /* PBXTargetDependency */ = {
			isa = PBXTargetDependency;
			target = 608A96AF1BBE8CC900FE0E75 /* DemoProject */;
			targetProxy = 608A96D01BBE8CC900FE0E75 /* PBXContainerItemProxy */;
		};
/* End PBXTargetDependency section */

/* Begin PBXVariantGroup section */
		608A96B71BBE8CC900FE0E75 /* Main.storyboard */ = {
			isa = PBXVariantGroup;
			children = (
				608A96B81BBE8CC900FE0E75 /* Base */,
			);
			name = Main.storyboard;
			sourceTree = "<group>";
		};
		608A96BC1BBE8CC900FE0E75 /* LaunchScreen.storyboard */ = {
			isa = PBXVariantGroup;
			children = (
				608A96BD1BBE8CC900FE0E75 /* Base */,
			);
			name = LaunchScreen.storyboard;
			sourceTree = "<group>";
		};
/* End PBXVariantGroup section */

/* Begin XCBuildConfiguration section */
		608A96D61BBE8CC900FE0E75 /* Debug */ = {
			isa = XCBuildConfiguration;
			buildSettings = {
				ALWAYS_SEARCH_USER_PATHS = NO;
				CLANG_CXX_LANGUAGE_STANDARD = "gnu++0x";
				CLANG_CXX_LIBRARY = "libc++";
				CLANG_ENABLE_MODULES = YES;
				CLANG_ENABLE_OBJC_ARC = YES;
				CLANG_WARN_BOOL_CONVERSION = YES;
				CLANG_WARN_CONSTANT_CONVERSION = YES;
				CLANG_WARN_DIRECT_OBJC_ISA_USAGE = YES_ERROR;
				CLANG_WARN_EMPTY_BODY = YES;
				CLANG_WARN_ENUM_CONVERSION = YES;
				CLANG_WARN_INT_CONVERSION = YES;
				CLANG_WARN_OBJC_ROOT_CLASS = YES_ERROR;
				CLANG_WARN_UNREACHABLE_CODE = YES;
				CLANG_WARN__DUPLICATE_METHOD_MATCH = YES;
				"CODE_SIGN_IDENTITY[sdk=iphoneos*]" = "iPhone Developer";
				COPY_PHASE_STRIP = NO;
				DEBUG_INFORMATION_FORMAT = dwarf;
				ENABLE_STRICT_OBJC_MSGSEND = YES;
				ENABLE_TESTABILITY = YES;
				GCC_C_LANGUAGE_STANDARD = gnu99;
				GCC_DYNAMIC_NO_PIC = NO;
				GCC_NO_COMMON_BLOCKS = YES;
				GCC_OPTIMIZATION_LEVEL = 0;
				GCC_PREPROCESSOR_DEFINITIONS = (
					"DEBUG=1",
					"$(inherited)",
				);
				GCC_WARN_64_TO_32_BIT_CONVERSION = YES;
				GCC_WARN_ABOUT_RETURN_TYPE = YES_ERROR;
				GCC_WARN_UNDECLARED_SELECTOR = YES;
				GCC_WARN_UNINITIALIZED_AUTOS = YES_AGGRESSIVE;
				GCC_WARN_UNUSED_FUNCTION = YES;
				GCC_WARN_UNUSED_VARIABLE = YES;
				IPHONEOS_DEPLOYMENT_TARGET = 9.0;
				MTL_ENABLE_DEBUG_INFO = YES;
				ONLY_ACTIVE_ARCH = YES;
				SDKROOT = iphoneos;
				SWIFT_OPTIMIZATION_LEVEL = "-Onone";
				TARGETED_DEVICE_FAMILY = "1,2";
			};
			name = Debug;
		};
		608A96D71BBE8CC900FE0E75 /* Release */ = {
			isa = XCBuildConfiguration;
			buildSettings = {
				ALWAYS_SEARCH_USER_PATHS = NO;
				CLANG_CXX_LANGUAGE_STANDARD = "gnu++0x";
				CLANG_CXX_LIBRARY = "libc++";
				CLANG_ENABLE_MODULES = YES;
				CLANG_ENABLE_OBJC_ARC = YES;
				CLANG_WARN_BOOL_CONVERSION = YES;
				CLANG_WARN_CONSTANT_CONVERSION = YES;
				CLANG_WARN_DIRECT_OBJC_ISA_USAGE = YES_ERROR;
				CLANG_WARN_EMPTY_BODY = YES;
				CLANG_WARN_ENUM_CONVERSION = YES;
				CLANG_WARN_INT_CONVERSION = YES;
				CLANG_WARN_OBJC_ROOT_CLASS = YES_ERROR;
				CLANG_WARN_UNREACHABLE_CODE = YES;
				CLANG_WARN__DUPLICATE_METHOD_MATCH = YES;
				"CODE_SIGN_IDENTITY[sdk=iphoneos*]" = "iPhone Developer";
				COPY_PHASE_STRIP = NO;
				DEBUG_INFORMATION_FORMAT = "dwarf-with-dsym";
				ENABLE_NS_ASSERTIONS = NO;
				ENABLE_STRICT_OBJC_MSGSEND = YES;
				GCC_C_LANGUAGE_STANDARD = gnu99;
				GCC_NO_COMMON_BLOCKS = YES;
				GCC_WARN_64_TO_32_BIT_CONVERSION = YES;
				GCC_WARN_ABOUT_RETURN_TYPE = YES_ERROR;
				GCC_WARN_UNDECLARED_SELECTOR = YES;
				GCC_WARN_UNINITIALIZED_AUTOS = YES_AGGRESSIVE;
				GCC_WARN_UNUSED_FUNCTION = YES;
				GCC_WARN_UNUSED_VARIABLE = YES;
				IPHONEOS_DEPLOYMENT_TARGET = 9.0;
				MTL_ENABLE_DEBUG_INFO = NO;
				SDKROOT = iphoneos;
				TARGETED_DEVICE_FAMILY = "1,2";
				VALIDATE_PRODUCT = YES;
			};
			name = Release;
		};
		608A96D91BBE8CC900FE0E75 /* Debug */ = {
			isa = XCBuildConfiguration;
			buildSettings = {
				ASSETCATALOG_COMPILER_APPICON_NAME = AppIcon;
				ASSETCATALOG_COMPILER_LAUNCHIMAGE_NAME = "BrandAsset-2";
				INFOPLIST_FILE = DemoProject/Info.plist;
				LD_RUNPATH_SEARCH_PATHS = "$(inherited) @executable_path/Frameworks";
				PRODUCT_BUNDLE_IDENTIFIER = com.v3tech.DemoProject;
				PRODUCT_NAME = "$(TARGET_NAME)";
			};
			name = Debug;
		};
		608A96DA1BBE8CC900FE0E75 /* Release */ = {
			isa = XCBuildConfiguration;
			buildSettings = {
				ASSETCATALOG_COMPILER_APPICON_NAME = AppIcon;
				ASSETCATALOG_COMPILER_LAUNCHIMAGE_NAME = "BrandAsset-2";
				INFOPLIST_FILE = DemoProject/Info.plist;
				LD_RUNPATH_SEARCH_PATHS = "$(inherited) @executable_path/Frameworks";
				PRODUCT_BUNDLE_IDENTIFIER = com.v3tech.DemoProject;
				PRODUCT_NAME = "$(TARGET_NAME)";
			};
			name = Release;
		};
		608A96DC1BBE8CC900FE0E75 /* Debug */ = {
			isa = XCBuildConfiguration;
			buildSettings = {
				BUNDLE_LOADER = "$(TEST_HOST)";
				INFOPLIST_FILE = DemoProjectTests/Info.plist;
				LD_RUNPATH_SEARCH_PATHS = "$(inherited) @executable_path/Frameworks @loader_path/Frameworks";
				PRODUCT_BUNDLE_IDENTIFIER = com.v3tech.DemoProjectTests;
				PRODUCT_NAME = "$(TARGET_NAME)";
				TEST_HOST = "$(BUILT_PRODUCTS_DIR)/DemoProject.app/DemoProject";
			};
			name = Debug;
		};
		608A96DD1BBE8CC900FE0E75 /* Release */ = {
			isa = XCBuildConfiguration;
			buildSettings = {
				BUNDLE_LOADER = "$(TEST_HOST)";
				INFOPLIST_FILE = DemoProjectTests/Info.plist;
				LD_RUNPATH_SEARCH_PATHS = "$(inherited) @executable_path/Frameworks @loader_path/Frameworks";
				PRODUCT_BUNDLE_IDENTIFIER = com.v3tech.DemoProjectTests;
				PRODUCT_NAME = "$(TARGET_NAME)";
				TEST_HOST = "$(BUILT_PRODUCTS_DIR)/DemoProject.app/DemoProject";
			};
			name = Release;
		};
		608A96DF1BBE8CC900FE0E75 /* Debug */ = {
			isa = XCBuildConfiguration;
			buildSettings = {
				INFOPLIST_FILE = DemoProjectUITests/Info.plist;
				LD_RUNPATH_SEARCH_PATHS = "$(inherited) @executable_path/Frameworks @loader_path/Frameworks";
				PRODUCT_BUNDLE_IDENTIFIER = com.v3tech.DemoProjectUITests;
				PRODUCT_NAME = "$(TARGET_NAME)";
				TEST_TARGET_NAME = DemoProject;
				USES_XCTRUNNER = YES;
			};
			name = Debug;
		};
		608A96E01BBE8CC900FE0E75 /* Release */ = {
			isa = XCBuildConfiguration;
			buildSettings = {
				INFOPLIST_FILE = DemoProjectUITests/Info.plist;
				LD_RUNPATH_SEARCH_PATHS = "$(inherited) @executable_path/Frameworks @loader_path/Frameworks";
				PRODUCT_BUNDLE_IDENTIFIER = com.v3tech.DemoProjectUITests;
				PRODUCT_NAME = "$(TARGET_NAME)";
				TEST_TARGET_NAME = DemoProject;
				USES_XCTRUNNER = YES;
			};
			name = Release;
		};
/* End XCBuildConfiguration section */

/* Begin XCConfigurationList section */
		608A96AB1BBE8CC900FE0E75 /* Build configuration list for PBXProject "DemoProject" */ = {
			isa = XCConfigurationList;
			buildConfigurations = (
				608A96D61BBE8CC900FE0E75 /* Debug */,
				608A96D71BBE8CC900FE0E75 /* Release */,
			);
			defaultConfigurationIsVisible = 0;
			defaultConfigurationName = Release;
		};
		608A96D81BBE8CC900FE0E75 /* Build configuration list for PBXNativeTarget "DemoProject" */ = {
			isa = XCConfigurationList;
			buildConfigurations = (
				608A96D91BBE8CC900FE0E75 /* Debug */,
				608A96DA1BBE8CC900FE0E75 /* Release */,
			);
			defaultConfigurationIsVisible = 0;
			defaultConfigurationName = Release;
		};
		608A96DB1BBE8CC900FE0E75 /* Build configuration list for PBXNativeTarget "DemoProjectTests" */ = {
			isa = XCConfigurationList;
			buildConfigurations = (
				608A96DC1BBE8CC900FE0E75 /* Debug */,
				608A96DD1BBE8CC900FE0E75 /* Release */,
			);
			defaultConfigurationIsVisible = 0;
			defaultConfigurationName = Release;
		};
		608A96DE1BBE8CC900FE0E75 /* Build configuration list for PBXNativeTarget "DemoProjectUITests" */ = {
			isa = XCConfigurationList;
			buildConfigurations = (
				608A96DF1BBE8CC900FE0E75 /* Debug */,
				608A96E01BBE8CC900FE0E75 /* Release */,
			);
			defaultConfigurationIsVisible = 0;
			defaultConfigurationName = Release;
		};
/* End XCConfigurationList section */
	};
	rootObject = 608A96A81BBE8CC900FE0E75 /* Project object */;
}
